PODS:
  - AFNetworking (2.3.1):
    - AFNetworking/NSURLConnection (= 2.3.1)
    - AFNetworking/NSURLSession (= 2.3.1)
    - AFNetworking/Reachability (= 2.3.1)
    - AFNetworking/Security (= 2.3.1)
    - AFNetworking/Serialization (= 2.3.1)
    - AFNetworking/UIKit (= 2.3.1)
  - AFNetworking/NSURLConnection (2.3.1):
    - AFNetworking/Reachability
    - AFNetworking/Security
    - AFNetworking/Serialization
  - AFNetworking/NSURLSession (2.3.1):
    - AFNetworking/Reachability
    - AFNetworking/Security
    - AFNetworking/Serialization
  - AFNetworking/Reachability (2.3.1)
  - AFNetworking/Security (2.3.1)
  - AFNetworking/Serialization (2.3.1)
  - AFNetworking/UIKit (2.3.1):
    - AFNetworking/NSURLConnection
    - AFNetworking/NSURLSession
  - Bolts (1.5.1):
    - Bolts/AppLinks (= 1.5.1)
    - Bolts/Tasks (= 1.5.1)
  - Bolts/AppLinks (1.5.1):
    - Bolts/Tasks
  - Bolts/Tasks (1.5.1)
  - Branch (0.10.9)
  - BreadWalletCore (0.0.1):
    - MagicalRecord (= 2.3.0)
  - CocoaLumberjack (2.0.1):
    - CocoaLumberjack/Default (= 2.0.1)
    - CocoaLumberjack/Extensions (= 2.0.1)
  - CocoaLumberjack/Core (2.0.1)
  - CocoaLumberjack/Default (2.0.1):
    - CocoaLumberjack/Core
  - CocoaLumberjack/Extensions (2.0.1):
    - CocoaLumberjack/Default
  - coinbase-official (3.0.2):
    - coinbase-official/client (= 3.0.2)
    - coinbase-official/core (= 3.0.2)
    - coinbase-official/OAuth (= 3.0.2)
  - coinbase-official/client (3.0.2):
    - coinbase-official/core
  - coinbase-official/core (3.0.2)
  - coinbase-official/OAuth (3.0.2):
    - coinbase-official/core
  - Crashlytics (3.1.0)
  - CustomIOSAlertView (0.9.3)
  - Dropbox-iOS-SDK (1.3.13)
  - Evernote-SDK-iOS (1.3.1):
    - SSKeychain (~> 1.2.2)
  - Fabric (1.2.8):
    - Fabric/Base (= 1.2.8)
  - Fabric/Base (1.2.8)
  - Facebook-iOS-SDK (3.24.1):
    - Bolts (~> 1.2)
  - FBSDKCoreKit (4.5.1):
    - Bolts (~> 1.1)
    - FBSDKCoreKit/arc (= 4.5.1)
    - FBSDKCoreKit/no-arc (= 4.5.1)
  - FBSDKCoreKit/arc (4.5.1):
    - Bolts (~> 1.1)
  - FBSDKCoreKit/no-arc (4.5.1):
    - Bolts (~> 1.1)
    - FBSDKCoreKit/arc
  - FBSDKLoginKit (4.5.1):
    - FBSDKCoreKit
  - FBSDKMessengerShareKit (1.3.0)
  - FBSDKShareKit (4.5.1):
    - FBSDKCoreKit
  - FXForms (1.1)
  - GemsCore (0.0.1):
    - AFNetworking/UIKit (= 2.3.1)
    - Branch (= 0.10.9)
    - CocoaLumberjack (= 2.0.1)
    - coinbase-official (= 3.0.2)
    - Crashlytics (= 3.1.0)
    - Fabric (= 1.2.8)
    - FBSDKCoreKit (= 4.5.1)
    - FBSDKLoginKit (= 4.5.1)
    - FBSDKMessengerShareKit (= 1.3.0)
    - FBSDKShareKit (= 4.5.1)
    - GemsCurrencyManager
    - GemsNetworking
    - Google/CloudMessaging
    - Heap (= 2.1.5)
    - JSONModel
    - Lambda-Alert
    - MagicalRecord (= 2.3.0)
    - Mixpanel (= 2.9.0)
    - ShareKit (= 4.0.4)
  - GemsCurrencyManager (0.0.1):
    - BreadWalletCore
    - GemsNetworking
    - SwaggerClient
  - GemsNetworking (0.0.1):
    - CocoaLumberjack
    - SwaggerClient
  - GemsUI (0.0.1):
    - CustomIOSAlertView (~> 0.9.3)
    - FXForms (~> 1.1)
    - GemsCore
    - iOS-blur
    - JazzHands (~> 0.2.1)
    - Lambda-Alert
    - libPhoneNumber-iOS (~> 0.7)
    - PTEHorizontalTableView
    - SAMTextView
    - SDWebImage (= 3.7.3)
    - VBFPopFlatButton
    - ZXingObjC (= 3.1.0)
  - GGLInstanceID (1.1.5):
    - GoogleIPhoneUtilities (~> 1.0)
    - GoogleNetworkingUtilities (~> 1.0)
    - GoogleSymbolUtilities (~> 1.0)
    - GoogleUtilities (~> 1.0)
  - Google/CloudMessaging (1.3.2):
    - GGLInstanceID (~> 1.0)
    - Google/Core
    - GoogleCloudMessaging (~> 1.0)
  - Google/Core (1.3.2):
    - GoogleInterchangeUtilities (~> 1.0)
    - GoogleNetworkingUtilities (~> 1.0)
    - GoogleSymbolUtilities (~> 1.0)
    - GoogleUtilities (~> 1.1)
  - GoogleCloudMessaging (1.1.2):
    - GoogleInterchangeUtilities (~> 1.0)
    - GoogleIPhoneUtilities (~> 1.0)
    - GoogleNetworkingUtilities (~> 1.0)
    - GoogleSymbolUtilities (~> 1.0)
    - GoogleUtilities (~> 1.0)
  - GoogleInterchangeUtilities (1.1.0):
    - GoogleSymbolUtilities (~> 1.0)
  - GoogleIPhoneUtilities (1.1.0):
    - GoogleSymbolUtilities (~> 1.0)
    - GoogleUtilities (~> 1.0)
  - GoogleNetworkingUtilities (1.0.0):
    - GoogleSymbolUtilities (~> 1.0)
  - GoogleSymbolUtilities (1.0.3)
  - GoogleUtilities (1.1.0):
    - GoogleSymbolUtilities (~> 1.0.0)
  - Heap (2.1.5)
  - iOS-blur (0.0.5)
  - ISO8601 (0.5.0)
  - JazzHands (0.2.1)
  - JSONModel (1.1.2)
  - Lambda-Alert (1.0.1)
  - libPhoneNumber-iOS (0.8.10)
  - MagicalRecord (2.3.0)
  - Mixpanel (2.9.0):
    - Mixpanel/Mixpanel (= 2.9.0)
  - Mixpanel/Mixpanel (2.9.0)
  - Pinterest-iOS (2.3)
  - PKMultipartInputStream (1.1.0)
  - PocketAPI (1.0.3)
  - pop (1.0.8)
  - PTEHorizontalTableView (1.0.0)
  - SAMTextView (0.2.2)
  - SDWebImage (3.7.3):
    - SDWebImage/Core (= 3.7.3)
  - SDWebImage/Core (3.7.3)
  - ShareKit (4.0.4):
    - ShareKit/Core (= 4.0.4)
    - ShareKit/Delicious (= 4.0.4)
    - ShareKit/Diigo (= 4.0.4)
    - ShareKit/Dropbox (= 4.0.4)
    - ShareKit/Evernote (= 4.0.4)
    - ShareKit/Facebook (= 4.0.4)
    - ShareKit/Flickr (= 4.0.4)
    - ShareKit/Foursquare (= 4.0.4)
    - ShareKit/GooglePlus (= 4.0.4)
    - ShareKit/Hatena (= 4.0.4)
    - ShareKit/Imgur (= 4.0.4)
    - ShareKit/Instagram (= 4.0.4)
    - ShareKit/Instapaper (= 4.0.4)
    - ShareKit/Kippt (= 4.0.4)
    - ShareKit/LinkedIn (= 4.0.4)
    - ShareKit/Pinboard (= 4.0.4)
    - ShareKit/Pinterest (= 4.0.4)
    - ShareKit/Plurk (= 4.0.4)
    - ShareKit/Pocket (= 4.0.4)
    - ShareKit/Reachability (= 4.0.4)
    - ShareKit/Readability (= 4.0.4)
    - ShareKit/ReadItLater (= 4.0.4)
    - ShareKit/SinaWeibo (= 4.0.4)
    - ShareKit/Tumblr (= 4.0.4)
    - ShareKit/Twitter (= 4.0.4)
    - ShareKit/Vkontakte (= 4.0.4)
    - ShareKit/WhatsApp (= 4.0.4)
  - ShareKit/Core (4.0.4):
    - PKMultipartInputStream
    - SAMTextView (~> 0.2.1)
    - SDWebImage (~> 3.7)
    - ShareKit/Reachability
    - SSKeychain (~> 1.2.2)
    - UIActivityIndicator-for-SDWebImage (~> 1.2)
  - ShareKit/Delicious (4.0.4):
    - ShareKit/Core
  - ShareKit/Diigo (4.0.4):
    - ShareKit/Core
  - ShareKit/Dropbox (4.0.4):
    - Dropbox-iOS-SDK (~> 1.3.11)
    - ShareKit/Core
  - ShareKit/Evernote (4.0.4):
    - Evernote-SDK-iOS (~> 1.3.1)
    - ShareKit/Core
  - ShareKit/Facebook (4.0.4):
    - Facebook-iOS-SDK (~> 3.2)
    - ShareKit/Core
  - ShareKit/Flickr (4.0.4):
    - ShareKit/Core
  - ShareKit/Foursquare (4.0.4):
    - ShareKit/Core
  - ShareKit/GooglePlus (4.0.4):
    - ShareKit/Core
  - ShareKit/Hatena (4.0.4):
    - ShareKit/Core
  - ShareKit/Imgur (4.0.4):
    - ShareKit/Core
  - ShareKit/Instagram (4.0.4):
    - ShareKit/Core
  - ShareKit/Instapaper (4.0.4):
    - ShareKit/Core
  - ShareKit/Kippt (4.0.4):
    - ShareKit/Core
  - ShareKit/LinkedIn (4.0.4):
    - ShareKit/Core
  - ShareKit/Pinboard (4.0.4):
    - ShareKit/Core
  - ShareKit/Pinterest (4.0.4):
    - Pinterest-iOS (~> 2.3)
    - ShareKit/Core
  - ShareKit/Plurk (4.0.4):
    - ShareKit/Core
  - ShareKit/Pocket (4.0.4):
    - PocketAPI (~> 1.0.2)
    - ShareKit/Core
  - ShareKit/Reachability (4.0.4)
  - ShareKit/Readability (4.0.4):
    - ShareKit/Core
  - ShareKit/ReadItLater (4.0.4):
    - ShareKit/Core
  - ShareKit/SinaWeibo (4.0.4):
    - ShareKit/Core
  - ShareKit/Tumblr (4.0.4):
    - ShareKit/Core
  - ShareKit/Twitter (4.0.4):
    - ShareKit/Core
  - ShareKit/Vkontakte (4.0.4):
    - ShareKit/Core
  - ShareKit/WhatsApp (4.0.4):
    - ShareKit/Core
  - SSKeychain (1.2.3)
  - SwaggerClient (1.0.0):
    - AFNetworking (~> 2.3)
    - ISO8601 (~> 0.3)
    - JSONModel (= 1.1.2)
  - UIActivityIndicator-for-SDWebImage (1.2):
    - SDWebImage (~> 3.7)
  - VBFPopFlatButton (0.0.6):
    - pop
  - ZXingObjC (3.1.0):
    - ZXingObjC/All (= 3.1.0)
  - ZXingObjC/All (3.1.0)

DEPENDENCIES:
  - BreadWalletCore (from `../BRCore`)
  - CustomIOSAlertView (= 0.9.3)
  - FXForms (= 1.1)
  - GemsCore (from `../gems-app-ios/GemsCore`)
  - GemsCurrencyManager (from `../gems-app-ios/GemsCore/GemsCurrencyManager/`)
  - GemsNetworking (from `../gems-app-ios/GemsCore/GemsNetworking`)
  - GemsUI (from `../gems-app-ios/GemsUI`)
  - iOS-blur
  - Lambda-Alert
  - libPhoneNumber-iOS (~> 0.7)
  - PTEHorizontalTableView
  - SDWebImage (= 3.7.3)
  - SwaggerClient (from `../gems-app-ios/GemsCore/GemsNetworking/ThirdParty/swagger/`)
  - VBFPopFlatButton
  - ZXingObjC (= 3.1.0)

EXTERNAL SOURCES:
  BreadWalletCore:
    :path: ../BRCore
  GemsCore:
    :path: ../gems-app-ios/GemsCore
  GemsCurrencyManager:
    :path: ../gems-app-ios/GemsCore/GemsCurrencyManager/
  GemsNetworking:
    :path: ../gems-app-ios/GemsCore/GemsNetworking
  GemsUI:
    :path: ../gems-app-ios/GemsUI
  SwaggerClient:
    :path: ../gems-app-ios/GemsCore/GemsNetworking/ThirdParty/swagger/

SPEC CHECKSUMS:
  AFNetworking: 05b9f6e3aa5ac45bc383b4bb108ef338080a26c7
  Bolts: a12663244b1d3351c738882e71902fc74db54f64
  Branch: 024a0c5848303eb82b8aa139822e07e0724f7fdc
  BreadWalletCore: c53e2609e83a5c81291b5bb9f7fe07df077bda75
  CocoaLumberjack: 019d1361244274a6138c788c6cb80baabc13fb8f
  coinbase-official: d3b945686972ce8a1904c9784088e2b1b78cab44
  Crashlytics: 93e2f86363d53c002c6366a9d87e41f2eaee87c3
  CustomIOSAlertView: 94d2401e34fcfb0ac0134679d6947f5e251b0446
  Dropbox-iOS-SDK: e0c9b08d1604b39cb78c1d0333251de0f6bdec60
  Evernote-SDK-iOS: beab0882c4bcdc05117ea0b56119da12cff47fbb
  Fabric: a9eabe53915e9f1db55a84dd2838737928675878
  Facebook-iOS-SDK: 08689c2690dc4e087b9c8e171e48667608b72a2a
  FBSDKCoreKit: f335eaf6865e1e1597dee1debfb533045500da47
  FBSDKLoginKit: 225cc9a388a92916ee3f3bb14422017b6e44b65b
  FBSDKMessengerShareKit: 4a38dbd3564f5da459ea35b636e6766f7067a830
  FBSDKShareKit: 642034ac9f30793dfd897851b724bb4281750266
  FXForms: 981c39bd307476508f591ebafbc8c5d84df728ec
  GemsCore: fcf8d1348135516439c2cc387454dc72b9efaffc
  GemsCurrencyManager: 0c41c1023a7a2cb659b3ca024ed5905d31e5f06e
  GemsNetworking: bab243d37167cb61b98646dc32c295d882fe3ef1
  GemsUI: ea25e8fbe55eb6fef372868eeccaeda0e7a35a02
  GGLInstanceID: 4be9a86f27e87f8cedc9694f521f12949813a7ba
  Google: 97618e118111b998cce1d8dd1bd98b82301d72db
  GoogleCloudMessaging: faa057e30845e7300da31de3777060420b2f6579
  GoogleInterchangeUtilities: d7f7174176fbcf9710f696f1acebad4dbd98ac03
  GoogleIPhoneUtilities: 4bded60bf1f7eaf9f92b7c055b9eb5d44d6df350
  GoogleNetworkingUtilities: 292992ab31b7b4ba32809a0e8b40e324cdfb2c0c
  GoogleSymbolUtilities: 82ad9f93d3615244b3f4ce440f5ab2515e8b4f56
  GoogleUtilities: 8ed9134debe11719097881711464752900668f10
  Heap: 9d41b3d07bc86c9127364b638c710d854390a113
  iOS-blur: 8e4a4a2202b881e940869eca0c957808cbdf0a19
  ISO8601: 25d7a973fa8daf31a50bbd0401d2e7b98e8a7df3
  JazzHands: d2343c3f2f9d70598d0cad8f521ce3893842a44a
  JSONModel: 216584d0311b053ff714f1d6cb700dbf890847bc
  Lambda-Alert: dadd1e0c1d6a63f8c8300f7aad9f263101c1ccba
  libPhoneNumber-iOS: 7bfd00f843fdcd82b5182b463e8eb3b27579f41d
  MagicalRecord: 89eb7d7ead39fb37f01c3d010665ee94d17f8dba
  Mixpanel: 42ae6168effc48481d957f7883dd8514a398738d
  Pinterest-iOS: e79d1536a7a275e3340cdeb678e85b350f798562
  PKMultipartInputStream: 1fb466fac9347857e3477e4dfc6fcc62fea7a944
  PocketAPI: 561fd4f428a38a4662c5837247c85f9962393f01
  pop: bb773ae2c791ca2629de13b347e7a8b450fa6a57
  PTEHorizontalTableView: 2c65c4360282223628dabc664508dde922f98efd
  SAMTextView: 979c43bb1fa5859ddfbfeb35e9c296a2b0ec55fd
  SDWebImage: 1d2b1a1efda1ade1b00b6f8498865f8ddedc8a84
  ShareKit: 48a9a3aed20d4b59b49ae3c8efdbb46e95beab33
  SSKeychain: 3f42991739c6c60a9cf1bbd4dff6c0d3694bcf3d
  SwaggerClient: 984360f964f04e35072cf4a7c846aade332ebe22
  UIActivityIndicator-for-SDWebImage: 7bf7ebbf0ed1747dedc0d6e949c4603a6d0f9e0c
  VBFPopFlatButton: 782344da63f104c279a857d806e065117a7e1196
  ZXingObjC: bf15b3814f7a105b6d99f47da2333c93a063650a

COCOAPODS: 0.39.0
